
Microsoft Visual Studio Solution File, Format Version 12.00
# Visual Studio Version 16
VisualStudioVersion = 16.0.32106.194
MinimumVisualStudioVersion = 10.0.40219.1
Project("{FAE04EC0-301F-11D3-BF4B-00C04F79EFBC}") = "SqlDatnetcor", "SqlDatnetcor\SqlDatnetcor.csproj", "{D5FA0F2B-1E7B-4237-8F22-761EB2620634}"
EndProject
Global
	GlobalSection(SolutionConfigurationPlatforms) = preSolution
		Debug|Any CPU = Debug|Any CPU
		Release|Any CPU = Release|Any CPU
	EndGlobalSection
	GlobalSection(ProjectConfigurationPlatforms) = postSolution
		{D5FA0F2B-1E7B-4237-8F22-761EB2620634}.Debug|Any CPU.ActiveCfg = Debug|Any CPU
		{D5FA0F2B-1E7B-4237-8F22-761EB2620634}.Debug|Any CPU.Build.0 = Debug|Any CPU
		{D5FA0F2B-1E7B-4237-8F22-761EB2620634}.Release|Any CPU.ActiveCfg = Release|Any CPU
		{D5FA0F2B-1E7B-4237-8F22-761EB2620634}.Release|Any CPU.Build.0 = Release|Any CPU
	EndGlobalSection
	GlobalSection(SolutionProperties) = preSolution
		HideSolutionNode = FALSE
	EndGlobalSection
	GlobalSection(ExtensibilityGlobals) = postSolution
		SolutionGuid = {113713C4-E24C-4A2D-98F4-5ADD102AEB9D}
	EndGlobalSection
EndGlobal
